
Microsoft Visual Studio Solution File, Format Version 12.00
# Visual Studio 2013
VisualStudioVersion = 12.0.30723.0
MinimumVisualStudioVersion = 10.0.40219.1
Project("{FAE04EC0-301F-11D3-BF4B-00C04F79EFBC}") = "Chill", "Chill\Chill.csproj", "{8D10F835-83F1-42EF-A232-EB5806CF9F1C}"
EndProject
Project("{FAE04EC0-301F-11D3-BF4B-00C04F79EFBC}") = "Chill.Examples.Tests", "Chill.Examples.Tests\Chill.Examples.Tests.csproj", "{1A70F8C2-9C74-4BC3-AB96-89190E2210E9}"
EndProject
Project("{2150E333-8FDC-42A3-9474-1A3956D46DE8}") = ".nuget", ".nuget", "{599E0765-5AAF-455C-8960-C7DCC2C7CDBF}"
	ProjectSection(SolutionItems) = preProject
		.nuget\NuGet.Config = .nuget\NuGet.Config
		.nuget\NuGet.exe = .nuget\NuGet.exe
		.nuget\NuGet.targets = .nuget\NuGet.targets
	EndProjectSection
EndProject
Project("{2150E333-8FDC-42A3-9474-1A3956D46DE8}") = "Solution Items", "Solution Items", "{15CA8305-AB53-4C57-99F5-0C4EA698F366}"
	ProjectSection(SolutionItems) = preProject
		buildnuget.cmd = buildnuget.cmd
		..\README.md = ..\README.md
	EndProjectSection
EndProject
Project("{FAE04EC0-301F-11D3-BF4B-00C04F79EFBC}") = "Chill.Tests", "Chill.Tests\Chill.Tests.csproj", "{10871583-2FE0-4ACD-8787-6D6D285C82D9}"
EndProject
Project("{D954291E-2A0B-460D-934E-DC6B0785DB48}") = "Chill.Autofac", "Chill.Autofac\Chill.Autofac.shproj", "{0153E5BE-FDE8-4B00-84E5-D6C7F0EAB03D}"
EndProject
Project("{D954291E-2A0B-460D-934E-DC6B0785DB48}") = "Chill.AutofacNSubstitute", "Chill.AutofacNSubstitute\Chill.AutofacNSubstitute.shproj", "{BD0E5FD7-97EE-4FB0-A2F3-38A3C5B18C41}"
EndProject
Project("{D954291E-2A0B-460D-934E-DC6B0785DB48}") = "Chill.AutofacFakeItEasy", "Chill.AutofacFakeItEasy\Chill.AutofacFakeItEasy.shproj", "{B287D2B7-6050-47BF-8A6C-118AEF6F93C6}"
EndProject
Global
	GlobalSection(SharedMSBuildProjectFiles) = preSolution
		Chill.AutofacFakeItEasy\Chill.AutofacFakeItEasy.projitems*{b287d2b7-6050-47bf-8a6c-118aef6f93c6}*SharedItemsImports = 13
		Chill.AutofacNSubstitute\Chill.AutofacNSubstitute.projitems*{1a70f8c2-9c74-4bc3-ab96-89190e2210e9}*SharedItemsImports = 4
		Chill.AutofacNSubstitute\Chill.AutofacNSubstitute.projitems*{bd0e5fd7-97ee-4fb0-a2f3-38a3c5b18c41}*SharedItemsImports = 13
		Chill.Autofac\Chill.Autofac.projitems*{0153e5be-fde8-4b00-84e5-d6c7f0eab03d}*SharedItemsImports = 13
	EndGlobalSection
	GlobalSection(SolutionConfigurationPlatforms) = preSolution
		Debug|Any CPU = Debug|Any CPU
		Release|Any CPU = Release|Any CPU
	EndGlobalSection
	GlobalSection(ProjectConfigurationPlatforms) = postSolution
		{8D10F835-83F1-42EF-A232-EB5806CF9F1C}.Debug|Any CPU.ActiveCfg = Debug|Any CPU
		{8D10F835-83F1-42EF-A232-EB5806CF9F1C}.Debug|Any CPU.Build.0 = Debug|Any CPU
		{8D10F835-83F1-42EF-A232-EB5806CF9F1C}.Release|Any CPU.ActiveCfg = Release|Any CPU
		{8D10F835-83F1-42EF-A232-EB5806CF9F1C}.Release|Any CPU.Build.0 = Release|Any CPU
		{1A70F8C2-9C74-4BC3-AB96-89190E2210E9}.Debug|Any CPU.ActiveCfg = Debug|Any CPU
		{1A70F8C2-9C74-4BC3-AB96-89190E2210E9}.Debug|Any CPU.Build.0 = Debug|Any CPU
		{1A70F8C2-9C74-4BC3-AB96-89190E2210E9}.Release|Any CPU.ActiveCfg = Release|Any CPU
		{1A70F8C2-9C74-4BC3-AB96-89190E2210E9}.Release|Any CPU.Build.0 = Release|Any CPU
		{10871583-2FE0-4ACD-8787-6D6D285C82D9}.Debug|Any CPU.ActiveCfg = Debug|Any CPU
		{10871583-2FE0-4ACD-8787-6D6D285C82D9}.Debug|Any CPU.Build.0 = Debug|Any CPU
		{10871583-2FE0-4ACD-8787-6D6D285C82D9}.Release|Any CPU.ActiveCfg = Release|Any CPU
		{10871583-2FE0-4ACD-8787-6D6D285C82D9}.Release|Any CPU.Build.0 = Release|Any CPU
	EndGlobalSection
	GlobalSection(SolutionProperties) = preSolution
		HideSolutionNode = FALSE
	EndGlobalSection
EndGlobal
