
Microsoft Visual Studio Solution File, Format Version 12.00
# Visual Studio 2013
VisualStudioVersion = 12.0.30501.0
MinimumVisualStudioVersion = 10.0.40219.1
Project("{FAE04EC0-301F-11D3-BF4B-00C04F79EFBC}") = "Chill", "Chill\Chill.csproj", "{8D10F835-83F1-42EF-A232-EB5806CF9F1C}"
EndProject
Project("{FAE04EC0-301F-11D3-BF4B-00C04F79EFBC}") = "Chill.Examples.Tests", "Chill.Examples.Tests\Chill.Examples.Tests.csproj", "{1A70F8C2-9C74-4BC3-AB96-89190E2210E9}"
EndProject
Project("{2150E333-8FDC-42A3-9474-1A3956D46DE8}") = ".nuget", ".nuget", "{599E0765-5AAF-455C-8960-C7DCC2C7CDBF}"
	ProjectSection(SolutionItems) = preProject
		.nuget\NuGet.Config = .nuget\NuGet.Config
		.nuget\NuGet.exe = .nuget\NuGet.exe
		.nuget\NuGet.targets = .nuget\NuGet.targets
	EndProjectSection
EndProject
Project("{2150E333-8FDC-42A3-9474-1A3956D46DE8}") = "Chill.AutofacNSubstitute", "Chill.AutofacNSubstitute", "{A2494A46-2137-4CD0-BBF9-62602AAFB141}"
	ProjectSection(SolutionItems) = preProject
		Chill.AutoFacNSubstitute\.nuspec = Chill.AutoFacNSubstitute\.nuspec
		Chill.AutoFacNSubstitute\packages.config = Chill.AutoFacNSubstitute\packages.config
	EndProjectSection
EndProject
Project("{2150E333-8FDC-42A3-9474-1A3956D46DE8}") = "Content", "Content", "{61674C8D-7775-4FC7-820B-95BD180D7D1B}"
	ProjectSection(SolutionItems) = preProject
		Chill.AutoFacNSubstitute\content\AutoFacNSubstituteAutoMockingContainer.cs = Chill.AutoFacNSubstitute\content\AutoFacNSubstituteAutoMockingContainer.cs
	EndProjectSection
EndProject
Project("{2150E333-8FDC-42A3-9474-1A3956D46DE8}") = "Chill.AutofacFakeItEasy", "Chill.AutofacFakeItEasy", "{E1311665-665F-4EB8-B262-7D867B9054E3}"
	ProjectSection(SolutionItems) = preProject
		Chill.AutofacFakeItEasy\.nuspec = Chill.AutofacFakeItEasy\.nuspec
		Chill.AutofacFakeItEasy\packages.config = Chill.AutofacFakeItEasy\packages.config
	EndProjectSection
EndProject
Project("{2150E333-8FDC-42A3-9474-1A3956D46DE8}") = "Content", "Content", "{956BC950-7C04-45B8-A660-3975368EFFA9}"
	ProjectSection(SolutionItems) = preProject
		Chill.AutofacFakeItEasy\Content\AutofacFakeItEasyMockingContainer.cs = Chill.AutofacFakeItEasy\Content\AutofacFakeItEasyMockingContainer.cs
	EndProjectSection
EndProject
Global
	GlobalSection(SolutionConfigurationPlatforms) = preSolution
		Debug|Any CPU = Debug|Any CPU
		Release|Any CPU = Release|Any CPU
	EndGlobalSection
	GlobalSection(ProjectConfigurationPlatforms) = postSolution
		{8D10F835-83F1-42EF-A232-EB5806CF9F1C}.Debug|Any CPU.ActiveCfg = Debug|Any CPU
		{8D10F835-83F1-42EF-A232-EB5806CF9F1C}.Debug|Any CPU.Build.0 = Debug|Any CPU
		{8D10F835-83F1-42EF-A232-EB5806CF9F1C}.Release|Any CPU.ActiveCfg = Release|Any CPU
		{8D10F835-83F1-42EF-A232-EB5806CF9F1C}.Release|Any CPU.Build.0 = Release|Any CPU
		{1A70F8C2-9C74-4BC3-AB96-89190E2210E9}.Debug|Any CPU.ActiveCfg = Debug|Any CPU
		{1A70F8C2-9C74-4BC3-AB96-89190E2210E9}.Debug|Any CPU.Build.0 = Debug|Any CPU
		{1A70F8C2-9C74-4BC3-AB96-89190E2210E9}.Release|Any CPU.ActiveCfg = Release|Any CPU
		{1A70F8C2-9C74-4BC3-AB96-89190E2210E9}.Release|Any CPU.Build.0 = Release|Any CPU
	EndGlobalSection
	GlobalSection(SolutionProperties) = preSolution
		HideSolutionNode = FALSE
	EndGlobalSection
	GlobalSection(NestedProjects) = preSolution
		{61674C8D-7775-4FC7-820B-95BD180D7D1B} = {A2494A46-2137-4CD0-BBF9-62602AAFB141}
		{956BC950-7C04-45B8-A660-3975368EFFA9} = {E1311665-665F-4EB8-B262-7D867B9054E3}
	EndGlobalSection
EndGlobal
