
Microsoft Visual Studio Solution File, Format Version 12.00
# Visual Studio 2013
VisualStudioVersion = 12.0.30723.0
MinimumVisualStudioVersion = 10.0.40219.1
Project("{FAE04EC0-301F-11D3-BF4B-00C04F79EFBC}") = "Chill.Examples.Tests", "Examples\Chill.Examples.Tests\Chill.Examples.Tests.csproj", "{1A70F8C2-9C74-4BC3-AB96-89190E2210E9}"
EndProject
Project("{2150E333-8FDC-42A3-9474-1A3956D46DE8}") = ".nuget", ".nuget", "{599E0765-5AAF-455C-8960-C7DCC2C7CDBF}"
	ProjectSection(SolutionItems) = preProject
		.nuget\NuGet.Config = .nuget\NuGet.Config
		.nuget\NuGet.exe = .nuget\NuGet.exe
		.nuget\NuGet.targets = .nuget\NuGet.targets
	EndProjectSection
EndProject
Project("{2150E333-8FDC-42A3-9474-1A3956D46DE8}") = "Solution Items", "Solution Items", "{15CA8305-AB53-4C57-99F5-0C4EA698F366}"
	ProjectSection(SolutionItems) = preProject
		Package\.nuspec = Package\.nuspec
		buildnuget.cmd = buildnuget.cmd
		..\README.md = ..\README.md
	EndProjectSection
EndProject
Project("{FAE04EC0-301F-11D3-BF4B-00C04F79EFBC}") = "Chill.Net45.Tests", "Core\Chill.Net45.Tests\Chill.Net45.Tests.csproj", "{10871583-2FE0-4ACD-8787-6D6D285C82D9}"
EndProject
Project("{D954291E-2A0B-460D-934E-DC6B0785DB48}") = "Chill.Autofac.Shared", "Plugins\Chill.Autofac\Chill.Autofac.Shared\Chill.Autofac.Shared.shproj", "{0153E5BE-FDE8-4B00-84E5-D6C7F0EAB03D}"
EndProject
Project("{D954291E-2A0B-460D-934E-DC6B0785DB48}") = "Chill.AutofacNSubstitute.Shared", "Plugins\Chill.AutofacNSubstitute\Chill.AutofacNSubstitute.Shared\Chill.AutofacNSubstitute.Shared.shproj", "{BD0E5FD7-97EE-4FB0-A2F3-38A3C5B18C41}"
EndProject
Project("{D954291E-2A0B-460D-934E-DC6B0785DB48}") = "Chill.AutofacFakeItEasy.Shared", "Plugins\Chill.AutofacFakeItEasy\Chill.AutofacFakeItEasy.Shared\Chill.AutofacFakeItEasy.Shared.shproj", "{B287D2B7-6050-47BF-8A6C-118AEF6F93C6}"
EndProject
Project("{FAE04EC0-301F-11D3-BF4B-00C04F79EFBC}") = "Chill.Net40_SL5", "Core\Chill.Net40_SL5\Chill.Net40_SL5.csproj", "{608F1B86-2D5C-448F-9ECB-F649FB5A5B6E}"
EndProject
Project("{FAE04EC0-301F-11D3-BF4B-00C04F79EFBC}") = "Chill.Net45_W8_WP81_WPA81", "Core\Chill.Net45_W8_WP81_WPA81\Chill.Net45_W8_WP81_WPA81.csproj", "{DE6907CC-326A-4621-AF39-F3C1BFCBD375}"
EndProject
Project("{D954291E-2A0B-460D-934E-DC6B0785DB48}") = "Chill.Shared", "Core\Chill.Shared\Chill.Shared.shproj", "{29CD0883-250A-4121-A344-1377E99E3886}"
EndProject
Project("{2150E333-8FDC-42A3-9474-1A3956D46DE8}") = "Specs", "Specs", "{7F3C4D9B-4901-47EF-ABB6-B14D9EA3DDFC}"
EndProject
Project("{2150E333-8FDC-42A3-9474-1A3956D46DE8}") = "Plugins", "Plugins", "{02E12BC2-5722-479D-A403-B8C0468865DC}"
EndProject
Project("{2150E333-8FDC-42A3-9474-1A3956D46DE8}") = "Examples", "Examples", "{29D4C8C6-FA0B-4138-A777-A647125072A5}"
EndProject
Project("{2150E333-8FDC-42A3-9474-1A3956D46DE8}") = "Core", "Core", "{DD0DDAC9-872E-4C5B-AB54-97F6103B396E}"
EndProject
Project("{FAE04EC0-301F-11D3-BF4B-00C04F79EFBC}") = "Chill.Net45", "Core\Chill.Net45\Chill.Net45.csproj", "{B56888BB-74E2-4A75-8FB6-017BA7023874}"
EndProject
Project("{FAE04EC0-301F-11D3-BF4B-00C04F79EFBC}") = "Chill.Net40.Tests", "Core\Chill.Net40.Tests\Chill.Net40.Tests.csproj", "{1C71180A-266B-4D4D-82DB-C5D85C00FEBE}"
EndProject
Project("{D954291E-2A0B-460D-934E-DC6B0785DB48}") = "Chill.Tests.Shared", "Core\Chill.Tests.Shared\Chill.Tests.Shared.shproj", "{48CC618C-DE45-4A20-ACEB-1AE5B2EB5C1C}"
EndProject
Project("{FAE04EC0-301F-11D3-BF4B-00C04F79EFBC}") = "Chill.Autofac.Net45_W8_WP81_WPA81", "Plugins\Chill.Autofac\Chill.Autofac.Net45_W8_WP81_WPA81\Chill.Autofac.Net45_W8_WP81_WPA81.csproj", "{AD2FAC47-CBDE-4F65-A985-94DB757A6C62}"
EndProject
Project("{FAE04EC0-301F-11D3-BF4B-00C04F79EFBC}") = "Chill.Autofac.Net40_SL5", "Packages\Chill.Autofac\Chill.Autofac.Net40_SL5\Chill.Autofac.Net40_SL5.csproj", "{FB476F6B-9529-41DB-ACFA-16FB9B78DFF1}"
EndProject
Global
	GlobalSection(SharedMSBuildProjectFiles) = preSolution
		Core\Chill.Tests.Shared\Chill.Tests.Shared.projitems*{48cc618c-de45-4a20-aceb-1ae5b2eb5c1c}*SharedItemsImports = 13
		Core\Chill.Shared\Chill.Shared.projitems*{608f1b86-2d5c-448f-9ecb-f649fb5a5b6e}*SharedItemsImports = 4
		Core\Chill.Shared\Chill.Shared.projitems*{b56888bb-74e2-4a75-8fb6-017ba7023874}*SharedItemsImports = 4
		Plugins\Chill.AutofacFakeItEasy\Chill.AutofacFakeItEasy.Shared\Chill.AutofacFakeItEasy.projitems*{b287d2b7-6050-47bf-8a6c-118aef6f93c6}*SharedItemsImports = 13
		Plugins\Chill.Autofac\Chill.Autofac.Shared\Chill.Autofac.projitems*{ad2fac47-cbde-4f65-a985-94db757a6c62}*SharedItemsImports = 4
		Core\Chill.Tests.Shared\Chill.Tests.Shared.projitems*{1c71180a-266b-4d4d-82db-c5d85c00febe}*SharedItemsImports = 4
		Plugins\Chill.AutofacNSubstitute\Chill.AutofacNSubstitute.Shared\Chill.AutofacNSubstitute.projitems*{bd0e5fd7-97ee-4fb0-a2f3-38a3c5b18c41}*SharedItemsImports = 13
		Core\Chill.Shared\Chill.Shared.projitems*{de6907cc-326a-4621-af39-f3c1bfcbd375}*SharedItemsImports = 4
		Core\Chill.Shared\Chill.Shared.projitems*{29cd0883-250a-4121-a344-1377e99e3886}*SharedItemsImports = 13
		Plugins\Chill.Autofac\Chill.Autofac.Shared\Chill.Autofac.projitems*{0153e5be-fde8-4b00-84e5-d6c7f0eab03d}*SharedItemsImports = 13
		Core\Chill.Tests.Shared\Chill.Tests.Shared.projitems*{10871583-2fe0-4acd-8787-6d6d285c82d9}*SharedItemsImports = 4
		Plugins\Chill.Autofac\Chill.Autofac.Shared\Chill.Autofac.projitems*{fb476f6b-9529-41db-acfa-16fb9b78dff1}*SharedItemsImports = 4
	EndGlobalSection
	GlobalSection(SolutionConfigurationPlatforms) = preSolution
		Debug|Any CPU = Debug|Any CPU
		Release|Any CPU = Release|Any CPU
	EndGlobalSection
	GlobalSection(ProjectConfigurationPlatforms) = postSolution
		{1A70F8C2-9C74-4BC3-AB96-89190E2210E9}.Debug|Any CPU.ActiveCfg = Debug|Any CPU
		{1A70F8C2-9C74-4BC3-AB96-89190E2210E9}.Debug|Any CPU.Build.0 = Debug|Any CPU
		{1A70F8C2-9C74-4BC3-AB96-89190E2210E9}.Release|Any CPU.ActiveCfg = Release|Any CPU
		{1A70F8C2-9C74-4BC3-AB96-89190E2210E9}.Release|Any CPU.Build.0 = Release|Any CPU
		{10871583-2FE0-4ACD-8787-6D6D285C82D9}.Debug|Any CPU.ActiveCfg = Debug|Any CPU
		{10871583-2FE0-4ACD-8787-6D6D285C82D9}.Debug|Any CPU.Build.0 = Debug|Any CPU
		{10871583-2FE0-4ACD-8787-6D6D285C82D9}.Release|Any CPU.ActiveCfg = Release|Any CPU
		{10871583-2FE0-4ACD-8787-6D6D285C82D9}.Release|Any CPU.Build.0 = Release|Any CPU
		{608F1B86-2D5C-448F-9ECB-F649FB5A5B6E}.Debug|Any CPU.ActiveCfg = Debug|Any CPU
		{608F1B86-2D5C-448F-9ECB-F649FB5A5B6E}.Debug|Any CPU.Build.0 = Debug|Any CPU
		{608F1B86-2D5C-448F-9ECB-F649FB5A5B6E}.Release|Any CPU.ActiveCfg = Release|Any CPU
		{608F1B86-2D5C-448F-9ECB-F649FB5A5B6E}.Release|Any CPU.Build.0 = Release|Any CPU
		{DE6907CC-326A-4621-AF39-F3C1BFCBD375}.Debug|Any CPU.ActiveCfg = Debug|Any CPU
		{DE6907CC-326A-4621-AF39-F3C1BFCBD375}.Debug|Any CPU.Build.0 = Debug|Any CPU
		{DE6907CC-326A-4621-AF39-F3C1BFCBD375}.Release|Any CPU.ActiveCfg = Release|Any CPU
		{DE6907CC-326A-4621-AF39-F3C1BFCBD375}.Release|Any CPU.Build.0 = Release|Any CPU
		{B56888BB-74E2-4A75-8FB6-017BA7023874}.Debug|Any CPU.ActiveCfg = Debug|Any CPU
		{B56888BB-74E2-4A75-8FB6-017BA7023874}.Debug|Any CPU.Build.0 = Debug|Any CPU
		{B56888BB-74E2-4A75-8FB6-017BA7023874}.Release|Any CPU.ActiveCfg = Release|Any CPU
		{B56888BB-74E2-4A75-8FB6-017BA7023874}.Release|Any CPU.Build.0 = Release|Any CPU
		{1C71180A-266B-4D4D-82DB-C5D85C00FEBE}.Debug|Any CPU.ActiveCfg = Debug|Any CPU
		{1C71180A-266B-4D4D-82DB-C5D85C00FEBE}.Debug|Any CPU.Build.0 = Debug|Any CPU
		{1C71180A-266B-4D4D-82DB-C5D85C00FEBE}.Release|Any CPU.ActiveCfg = Release|Any CPU
		{1C71180A-266B-4D4D-82DB-C5D85C00FEBE}.Release|Any CPU.Build.0 = Release|Any CPU
		{AD2FAC47-CBDE-4F65-A985-94DB757A6C62}.Debug|Any CPU.ActiveCfg = Debug|Any CPU
		{AD2FAC47-CBDE-4F65-A985-94DB757A6C62}.Debug|Any CPU.Build.0 = Debug|Any CPU
		{AD2FAC47-CBDE-4F65-A985-94DB757A6C62}.Release|Any CPU.ActiveCfg = Release|Any CPU
		{AD2FAC47-CBDE-4F65-A985-94DB757A6C62}.Release|Any CPU.Build.0 = Release|Any CPU
		{FB476F6B-9529-41DB-ACFA-16FB9B78DFF1}.Debug|Any CPU.ActiveCfg = Debug|Any CPU
		{FB476F6B-9529-41DB-ACFA-16FB9B78DFF1}.Debug|Any CPU.Build.0 = Debug|Any CPU
		{FB476F6B-9529-41DB-ACFA-16FB9B78DFF1}.Release|Any CPU.ActiveCfg = Release|Any CPU
		{FB476F6B-9529-41DB-ACFA-16FB9B78DFF1}.Release|Any CPU.Build.0 = Release|Any CPU
	EndGlobalSection
	GlobalSection(SolutionProperties) = preSolution
		HideSolutionNode = FALSE
	EndGlobalSection
	GlobalSection(NestedProjects) = preSolution
		{1A70F8C2-9C74-4BC3-AB96-89190E2210E9} = {29D4C8C6-FA0B-4138-A777-A647125072A5}
		{10871583-2FE0-4ACD-8787-6D6D285C82D9} = {7F3C4D9B-4901-47EF-ABB6-B14D9EA3DDFC}
		{0153E5BE-FDE8-4B00-84E5-D6C7F0EAB03D} = {02E12BC2-5722-479D-A403-B8C0468865DC}
		{BD0E5FD7-97EE-4FB0-A2F3-38A3C5B18C41} = {02E12BC2-5722-479D-A403-B8C0468865DC}
		{B287D2B7-6050-47BF-8A6C-118AEF6F93C6} = {02E12BC2-5722-479D-A403-B8C0468865DC}
		{608F1B86-2D5C-448F-9ECB-F649FB5A5B6E} = {DD0DDAC9-872E-4C5B-AB54-97F6103B396E}
		{DE6907CC-326A-4621-AF39-F3C1BFCBD375} = {DD0DDAC9-872E-4C5B-AB54-97F6103B396E}
		{29CD0883-250A-4121-A344-1377E99E3886} = {DD0DDAC9-872E-4C5B-AB54-97F6103B396E}
		{B56888BB-74E2-4A75-8FB6-017BA7023874} = {DD0DDAC9-872E-4C5B-AB54-97F6103B396E}
		{1C71180A-266B-4D4D-82DB-C5D85C00FEBE} = {7F3C4D9B-4901-47EF-ABB6-B14D9EA3DDFC}
		{48CC618C-DE45-4A20-ACEB-1AE5B2EB5C1C} = {7F3C4D9B-4901-47EF-ABB6-B14D9EA3DDFC}
		{AD2FAC47-CBDE-4F65-A985-94DB757A6C62} = {02E12BC2-5722-479D-A403-B8C0468865DC}
		{FB476F6B-9529-41DB-ACFA-16FB9B78DFF1} = {02E12BC2-5722-479D-A403-B8C0468865DC}
	EndGlobalSection
EndGlobal
